// !$*UTF8*$!
{
	archiveVersion = 1;
	classes = {
	};
	objectVersion = 55;
	objects = {

/* Begin PBXBuildFile section */
		C9575B6D278F55150090130E /* AppDelegate.swift in Sources */ = {isa = PBXBuildFile; fileRef = C9575B6C278F55150090130E /* AppDelegate.swift */; };
		C9575B6F278F55150090130E /* SceneDelegate.swift in Sources */ = {isa = PBXBuildFile; fileRef = C9575B6E278F55150090130E /* SceneDelegate.swift */; };
		C9575B71278F55150090130E /* SearchViewController.swift in Sources */ = {isa = PBXBuildFile; fileRef = C9575B70278F55150090130E /* SearchViewController.swift */; };
		C9575B74278F55150090130E /* Main.storyboard in Resources */ = {isa = PBXBuildFile; fileRef = C9575B72278F55150090130E /* Main.storyboard */; };
		C9575B76278F55170090130E /* Assets.xcassets in Resources */ = {isa = PBXBuildFile; fileRef = C9575B75278F55170090130E /* Assets.xcassets */; };
		C9575B79278F55170090130E /* LaunchScreen.storyboard in Resources */ = {isa = PBXBuildFile; fileRef = C9575B77278F55170090130E /* LaunchScreen.storyboard */; };
		C9575B84278F55170090130E /* simple_search_iosTests.swift in Sources */ = {isa = PBXBuildFile; fileRef = C9575B83278F55170090130E /* simple_search_iosTests.swift */; };
		C9575B8E278F55170090130E /* simple_search_iosUITests.swift in Sources */ = {isa = PBXBuildFile; fileRef = C9575B8D278F55170090130E /* simple_search_iosUITests.swift */; };
		C9575B90278F55170090130E /* simple_search_iosUITestsLaunchTests.swift in Sources */ = {isa = PBXBuildFile; fileRef = C9575B8F278F55170090130E /* simple_search_iosUITestsLaunchTests.swift */; };
		C9575B9D2790DCBF0090130E /* ViewController.swift in Sources */ = {isa = PBXBuildFile; fileRef = C9575B9C2790DCBF0090130E /* ViewController.swift */; };
		C9575B9F2790E4250090130E /* SearchNetworkingProvider.swift in Sources */ = {isa = PBXBuildFile; fileRef = C9575B9E2790E4250090130E /* SearchNetworkingProvider.swift */; };
		C9575BA12791C5680090130E /* Artist.swift in Sources */ = {isa = PBXBuildFile; fileRef = C9575BA02791C5680090130E /* Artist.swift */; };
		C9575BA3279239F60090130E /* Album.swift in Sources */ = {isa = PBXBuildFile; fileRef = C9575BA2279239F60090130E /* Album.swift */; };
/* End PBXBuildFile section */

/* Begin PBXContainerItemProxy section */
		C9575B80278F55170090130E /* PBXContainerItemProxy */ = {
			isa = PBXContainerItemProxy;
			containerPortal = C9575B61278F55150090130E /* Project object */;
			proxyType = 1;
			remoteGlobalIDString = C9575B68278F55150090130E;
			remoteInfo = "simple-search-ios";
		};
		C9575B8A278F55170090130E /* PBXContainerItemProxy */ = {
			isa = PBXContainerItemProxy;
			containerPortal = C9575B61278F55150090130E /* Project object */;
			proxyType = 1;
			remoteGlobalIDString = C9575B68278F55150090130E;
			remoteInfo = "simple-search-ios";
		};
/* End PBXContainerItemProxy section */

/* Begin PBXFileReference section */
		C9575B69278F55150090130E /* simple-search-ios.app */ = {isa = PBXFileReference; explicitFileType = wrapper.application; includeInIndex = 0; path = "simple-search-ios.app"; sourceTree = BUILT_PRODUCTS_DIR; };
		C9575B6C278F55150090130E /* AppDelegate.swift */ = {isa = PBXFileReference; lastKnownFileType = sourcecode.swift; path = AppDelegate.swift; sourceTree = "<group>"; };
		C9575B6E278F55150090130E /* SceneDelegate.swift */ = {isa = PBXFileReference; lastKnownFileType = sourcecode.swift; path = SceneDelegate.swift; sourceTree = "<group>"; };
		C9575B70278F55150090130E /* SearchViewController.swift */ = {isa = PBXFileReference; lastKnownFileType = sourcecode.swift; path = SearchViewController.swift; sourceTree = "<group>"; };
		C9575B73278F55150090130E /* Base */ = {isa = PBXFileReference; lastKnownFileType = file.storyboard; name = Base; path = Base.lproj/Main.storyboard; sourceTree = "<group>"; };
		C9575B75278F55170090130E /* Assets.xcassets */ = {isa = PBXFileReference; lastKnownFileType = folder.assetcatalog; path = Assets.xcassets; sourceTree = "<group>"; };
		C9575B78278F55170090130E /* Base */ = {isa = PBXFileReference; lastKnownFileType = file.storyboard; name = Base; path = Base.lproj/LaunchScreen.storyboard; sourceTree = "<group>"; };
		C9575B7A278F55170090130E /* Info.plist */ = {isa = PBXFileReference; lastKnownFileType = text.plist.xml; path = Info.plist; sourceTree = "<group>"; };
		C9575B7F278F55170090130E /* simple-search-iosTests.xctest */ = {isa = PBXFileReference; explicitFileType = wrapper.cfbundle; includeInIndex = 0; path = "simple-search-iosTests.xctest"; sourceTree = BUILT_PRODUCTS_DIR; };
		C9575B83278F55170090130E /* simple_search_iosTests.swift */ = {isa = PBXFileReference; lastKnownFileType = sourcecode.swift; path = simple_search_iosTests.swift; sourceTree = "<group>"; };
		C9575B89278F55170090130E /* simple-search-iosUITests.xctest */ = {isa = PBXFileReference; explicitFileType = wrapper.cfbundle; includeInIndex = 0; path = "simple-search-iosUITests.xctest"; sourceTree = BUILT_PRODUCTS_DIR; };
		C9575B8D278F55170090130E /* simple_search_iosUITests.swift */ = {isa = PBXFileReference; lastKnownFileType = sourcecode.swift; path = simple_search_iosUITests.swift; sourceTree = "<group>"; };
		C9575B8F278F55170090130E /* simple_search_iosUITestsLaunchTests.swift */ = {isa = PBXFileReference; lastKnownFileType = sourcecode.swift; path = simple_search_iosUITestsLaunchTests.swift; sourceTree = "<group>"; };
		C9575B9C2790DCBF0090130E /* ViewController.swift */ = {isa = PBXFileReference; lastKnownFileType = sourcecode.swift; path = ViewController.swift; sourceTree = "<group>"; };
		C9575B9E2790E4250090130E /* SearchNetworkingProvider.swift */ = {isa = PBXFileReference; lastKnownFileType = sourcecode.swift; path = SearchNetworkingProvider.swift; sourceTree = "<group>"; };
		C9575BA02791C5680090130E /* Artist.swift */ = {isa = PBXFileReference; lastKnownFileType = sourcecode.swift; path = Artist.swift; sourceTree = "<group>"; };
		C9575BA2279239F60090130E /* Album.swift */ = {isa = PBXFileReference; lastKnownFileType = sourcecode.swift; path = Album.swift; sourceTree = "<group>"; };
/* End PBXFileReference section */

/* Begin PBXFrameworksBuildPhase section */
		C9575B66278F55150090130E /* Frameworks */ = {
			isa = PBXFrameworksBuildPhase;
			buildActionMask = 2147483647;
			files = (
			);
			runOnlyForDeploymentPostprocessing = 0;
		};
		C9575B7C278F55170090130E /* Frameworks */ = {
			isa = PBXFrameworksBuildPhase;
			buildActionMask = 2147483647;
			files = (
			);
			runOnlyForDeploymentPostprocessing = 0;
		};
		C9575B86278F55170090130E /* Frameworks */ = {
			isa = PBXFrameworksBuildPhase;
			buildActionMask = 2147483647;
			files = (
			);
			runOnlyForDeploymentPostprocessing = 0;
		};
/* End PBXFrameworksBuildPhase section */

/* Begin PBXGroup section */
		C9575B60278F55150090130E = {
			isa = PBXGroup;
			children = (
				C9575B6B278F55150090130E /* simple-search-ios */,
				C9575B82278F55170090130E /* simple-search-iosTests */,
				C9575B8C278F55170090130E /* simple-search-iosUITests */,
				C9575B6A278F55150090130E /* Products */,
			);
			sourceTree = "<group>";
		};
		C9575B6A278F55150090130E /* Products */ = {
			isa = PBXGroup;
			children = (
				C9575B69278F55150090130E /* simple-search-ios.app */,
				C9575B7F278F55170090130E /* simple-search-iosTests.xctest */,
				C9575B89278F55170090130E /* simple-search-iosUITests.xctest */,
			);
			name = Products;
			sourceTree = "<group>";
		};
		C9575B6B278F55150090130E /* simple-search-ios */ = {
			isa = PBXGroup;
			children = (
				C9575B6C278F55150090130E /* AppDelegate.swift */,
				C9575B6E278F55150090130E /* SceneDelegate.swift */,
				C9575B70278F55150090130E /* SearchViewController.swift */,
				C9575B9C2790DCBF0090130E /* ViewController.swift */,
				C9575B72278F55150090130E /* Main.storyboard */,
				C9575B75278F55170090130E /* Assets.xcassets */,
				C9575B77278F55170090130E /* LaunchScreen.storyboard */,
				C9575B7A278F55170090130E /* Info.plist */,
				C9575B9E2790E4250090130E /* SearchNetworkingProvider.swift */,
				C9575BA02791C5680090130E /* Artist.swift */,
				C9575BA2279239F60090130E /* Album.swift */,
			);
			path = "simple-search-ios";
			sourceTree = "<group>";
		};
		C9575B82278F55170090130E /* simple-search-iosTests */ = {
			isa = PBXGroup;
			children = (
				C9575B83278F55170090130E /* simple_search_iosTests.swift */,
			);
			path = "simple-search-iosTests";
			sourceTree = "<group>";
		};
		C9575B8C278F55170090130E /* simple-search-iosUITests */ = {
			isa = PBXGroup;
			children = (
				C9575B8D278F55170090130E /* simple_search_iosUITests.swift */,
				C9575B8F278F55170090130E /* simple_search_iosUITestsLaunchTests.swift */,
			);
			path = "simple-search-iosUITests";
			sourceTree = "<group>";
		};
/* End PBXGroup section */

/* Begin PBXNativeTarget section */
		C9575B68278F55150090130E /* simple-search-ios */ = {
			isa = PBXNativeTarget;
			buildConfigurationList = C9575B93278F55170090130E /* Build configuration list for PBXNativeTarget "simple-search-ios" */;
			buildPhases = (
				C9575B65278F55150090130E /* Sources */,
				C9575B66278F55150090130E /* Frameworks */,
				C9575B67278F55150090130E /* Resources */,
			);
			buildRules = (
			);
			dependencies = (
			);
			name = "simple-search-ios";
			productName = "simple-search-ios";
			productReference = C9575B69278F55150090130E /* simple-search-ios.app */;
			productType = "com.apple.product-type.application";
		};
		C9575B7E278F55170090130E /* simple-search-iosTests */ = {
			isa = PBXNativeTarget;
			buildConfigurationList = C9575B96278F55170090130E /* Build configuration list for PBXNativeTarget "simple-search-iosTests" */;
			buildPhases = (
				C9575B7B278F55170090130E /* Sources */,
				C9575B7C278F55170090130E /* Frameworks */,
				C9575B7D278F55170090130E /* Resources */,
			);
			buildRules = (
			);
			dependencies = (
				C9575B81278F55170090130E /* PBXTargetDependency */,
			);
			name = "simple-search-iosTests";
			productName = "simple-search-iosTests";
			productReference = C9575B7F278F55170090130E /* simple-search-iosTests.xctest */;
			productType = "com.apple.product-type.bundle.unit-test";
		};
		C9575B88278F55170090130E /* simple-search-iosUITests */ = {
			isa = PBXNativeTarget;
			buildConfigurationList = C9575B99278F55170090130E /* Build configuration list for PBXNativeTarget "simple-search-iosUITests" */;
			buildPhases = (
				C9575B85278F55170090130E /* Sources */,
				C9575B86278F55170090130E /* Frameworks */,
				C9575B87278F55170090130E /* Resources */,
			);
			buildRules = (
			);
			dependencies = (
				C9575B8B278F55170090130E /* PBXTargetDependency */,
			);
			name = "simple-search-iosUITests";
			productName = "simple-search-iosUITests";
			productReference = C9575B89278F55170090130E /* simple-search-iosUITests.xctest */;
			productType = "com.apple.product-type.bundle.ui-testing";
		};
/* End PBXNativeTarget section */

/* Begin PBXProject section */
		C9575B61278F55150090130E /* Project object */ = {
			isa = PBXProject;
			attributes = {
				BuildIndependentTargetsInParallel = 1;
				LastSwiftUpdateCheck = 1310;
				LastUpgradeCheck = 1310;
				TargetAttributes = {
					C9575B68278F55150090130E = {
						CreatedOnToolsVersion = 13.1;
					};
					C9575B7E278F55170090130E = {
						CreatedOnToolsVersion = 13.1;
						TestTargetID = C9575B68278F55150090130E;
					};
					C9575B88278F55170090130E = {
						CreatedOnToolsVersion = 13.1;
						TestTargetID = C9575B68278F55150090130E;
					};
				};
			};
			buildConfigurationList = C9575B64278F55150090130E /* Build configuration list for PBXProject "simple-search-ios" */;
			compatibilityVersion = "Xcode 13.0";
			developmentRegion = en;
			hasScannedForEncodings = 0;
			knownRegions = (
				en,
				Base,
			);
			mainGroup = C9575B60278F55150090130E;
			productRefGroup = C9575B6A278F55150090130E /* Products */;
			projectDirPath = "";
			projectRoot = "";
			targets = (
				C9575B68278F55150090130E /* simple-search-ios */,
				C9575B7E278F55170090130E /* simple-search-iosTests */,
				C9575B88278F55170090130E /* simple-search-iosUITests */,
			);
		};
/* End PBXProject section */

/* Begin PBXResourcesBuildPhase section */
		C9575B67278F55150090130E /* Resources */ = {
			isa = PBXResourcesBuildPhase;
			buildActionMask = 2147483647;
			files = (
				C9575B79278F55170090130E /* LaunchScreen.storyboard in Resources */,
				C9575B76278F55170090130E /* Assets.xcassets in Resources */,
				C9575B74278F55150090130E /* Main.storyboard in Resources */,
			);
			runOnlyForDeploymentPostprocessing = 0;
		};
		C9575B7D278F55170090130E /* Resources */ = {
			isa = PBXResourcesBuildPhase;
			buildActionMask = 2147483647;
			files = (
			);
			runOnlyForDeploymentPostprocessing = 0;
		};
		C9575B87278F55170090130E /* Resources */ = {
			isa = PBXResourcesBuildPhase;
			buildActionMask = 2147483647;
			files = (
			);
			runOnlyForDeploymentPostprocessing = 0;
		};
/* End PBXResourcesBuildPhase section */

/* Begin PBXSourcesBuildPhase section */
		C9575B65278F55150090130E /* Sources */ = {
			isa = PBXSourcesBuildPhase;
			buildActionMask = 2147483647;
			files = (
				C9575BA12791C5680090130E /* Artist.swift in Sources */,
				C9575B71278F55150090130E /* SearchViewController.swift in Sources */,
				C9575B6D278F55150090130E /* AppDelegate.swift in Sources */,
				C9575B9D2790DCBF0090130E /* ViewController.swift in Sources */,
				C9575B9F2790E4250090130E /* SearchNetworkingProvider.swift in Sources */,
				C9575BA3279239F60090130E /* Album.swift in Sources */,
				C9575B6F278F55150090130E /* SceneDelegate.swift in Sources */,
			);
			runOnlyForDeploymentPostprocessing = 0;
		};
		C9575B7B278F55170090130E /* Sources */ = {
			isa = PBXSourcesBuildPhase;
			buildActionMask = 2147483647;
			files = (
				C9575B84278F55170090130E /* simple_search_iosTests.swift in Sources */,
			);
			runOnlyForDeploymentPostprocessing = 0;
		};
		C9575B85278F55170090130E /* Sources */ = {
			isa = PBXSourcesBuildPhase;
			buildActionMask = 2147483647;
			files = (
				C9575B90278F55170090130E /* simple_search_iosUITestsLaunchTests.swift in Sources */,
				C9575B8E278F55170090130E /* simple_search_iosUITests.swift in Sources */,
			);
			runOnlyForDeploymentPostprocessing = 0;
		};
/* End PBXSourcesBuildPhase section */

/* Begin PBXTargetDependency section */
		C9575B81278F55170090130E /* PBXTargetDependency */ = {
			isa = PBXTargetDependency;
			target = C9575B68278F55150090130E /* simple-search-ios */;
			targetProxy = C9575B80278F55170090130E /* PBXContainerItemProxy */;
		};
		C9575B8B278F55170090130E /* PBXTargetDependency */ = {
			isa = PBXTargetDependency;
			target = C9575B68278F55150090130E /* simple-search-ios */;
			targetProxy = C9575B8A278F55170090130E /* PBXContainerItemProxy */;
		};
/* End PBXTargetDependency section */

/* Begin PBXVariantGroup section */
		C9575B72278F55150090130E /* Main.storyboard */ = {
			isa = PBXVariantGroup;
			children = (
				C9575B73278F55150090130E /* Base */,
			);
			name = Main.storyboard;
			sourceTree = "<group>";
		};
		C9575B77278F55170090130E /* LaunchScreen.storyboard */ = {
			isa = PBXVariantGroup;
			children = (
				C9575B78278F55170090130E /* Base */,
			);
			name = LaunchScreen.storyboard;
			sourceTree = "<group>";
		};
/* End PBXVariantGroup section */

/* Begin XCBuildConfiguration section */
		C9575B91278F55170090130E /* Debug */ = {
			isa = XCBuildConfiguration;
			buildSettings = {
				ALWAYS_SEARCH_USER_PATHS = NO;
				CLANG_ANALYZER_NONNULL = YES;
				CLANG_ANALYZER_NUMBER_OBJECT_CONVERSION = YES_AGGRESSIVE;
				CLANG_CXX_LANGUAGE_STANDARD = "gnu++17";
				CLANG_CXX_LIBRARY = "libc++";
				CLANG_ENABLE_MODULES = YES;
				CLANG_ENABLE_OBJC_ARC = YES;
				CLANG_ENABLE_OBJC_WEAK = YES;
				CLANG_WARN_BLOCK_CAPTURE_AUTORELEASING = YES;
				CLANG_WARN_BOOL_CONVERSION = YES;
				CLANG_WARN_COMMA = YES;
				CLANG_WARN_CONSTANT_CONVERSION = YES;
				CLANG_WARN_DEPRECATED_OBJC_IMPLEMENTATIONS = YES;
				CLANG_WARN_DIRECT_OBJC_ISA_USAGE = YES_ERROR;
				CLANG_WARN_DOCUMENTATION_COMMENTS = YES;
				CLANG_WARN_EMPTY_BODY = YES;
				CLANG_WARN_ENUM_CONVERSION = YES;
				CLANG_WARN_INFINITE_RECURSION = YES;
				CLANG_WARN_INT_CONVERSION = YES;
				CLANG_WARN_NON_LITERAL_NULL_CONVERSION = YES;
				CLANG_WARN_OBJC_IMPLICIT_RETAIN_SELF = YES;
				CLANG_WARN_OBJC_LITERAL_CONVERSION = YES;
				CLANG_WARN_OBJC_ROOT_CLASS = YES_ERROR;
				CLANG_WARN_QUOTED_INCLUDE_IN_FRAMEWORK_HEADER = YES;
				CLANG_WARN_RANGE_LOOP_ANALYSIS = YES;
				CLANG_WARN_STRICT_PROTOTYPES = YES;
				CLANG_WARN_SUSPICIOUS_MOVE = YES;
				CLANG_WARN_UNGUARDED_AVAILABILITY = YES_AGGRESSIVE;
				CLANG_WARN_UNREACHABLE_CODE = YES;
				CLANG_WARN__DUPLICATE_METHOD_MATCH = YES;
				COPY_PHASE_STRIP = NO;
				DEBUG_INFORMATION_FORMAT = dwarf;
				ENABLE_STRICT_OBJC_MSGSEND = YES;
				ENABLE_TESTABILITY = YES;
				GCC_C_LANGUAGE_STANDARD = gnu11;
				GCC_DYNAMIC_NO_PIC = NO;
				GCC_NO_COMMON_BLOCKS = YES;
				GCC_OPTIMIZATION_LEVEL = 0;
				GCC_PREPROCESSOR_DEFINITIONS = (
					"DEBUG=1",
					"$(inherited)",
				);
				GCC_WARN_64_TO_32_BIT_CONVERSION = YES;
				GCC_WARN_ABOUT_RETURN_TYPE = YES_ERROR;
				GCC_WARN_UNDECLARED_SELECTOR = YES;
				GCC_WARN_UNINITIALIZED_AUTOS = YES_AGGRESSIVE;
				GCC_WARN_UNUSED_FUNCTION = YES;
				GCC_WARN_UNUSED_VARIABLE = YES;
				IPHONEOS_DEPLOYMENT_TARGET = 15.0;
				MTL_ENABLE_DEBUG_INFO = INCLUDE_SOURCE;
				MTL_FAST_MATH = YES;
				ONLY_ACTIVE_ARCH = YES;
				SDKROOT = iphoneos;
				SWIFT_ACTIVE_COMPILATION_CONDITIONS = DEBUG;
				SWIFT_OPTIMIZATION_LEVEL = "-Onone";
			};
			name = Debug;
		};
		C9575B92278F55170090130E /* Release */ = {
			isa = XCBuildConfiguration;
			buildSettings = {
				ALWAYS_SEARCH_USER_PATHS = NO;
				CLANG_ANALYZER_NONNULL = YES;
				CLANG_ANALYZER_NUMBER_OBJECT_CONVERSION = YES_AGGRESSIVE;
				CLANG_CXX_LANGUAGE_STANDARD = "gnu++17";
				CLANG_CXX_LIBRARY = "libc++";
				CLANG_ENABLE_MODULES = YES;
				CLANG_ENABLE_OBJC_ARC = YES;
				CLANG_ENABLE_OBJC_WEAK = YES;
				CLANG_WARN_BLOCK_CAPTURE_AUTORELEASING = YES;
				CLANG_WARN_BOOL_CONVERSION = YES;
				CLANG_WARN_COMMA = YES;
				CLANG_WARN_CONSTANT_CONVERSION = YES;
				CLANG_WARN_DEPRECATED_OBJC_IMPLEMENTATIONS = YES;
				CLANG_WARN_DIRECT_OBJC_ISA_USAGE = YES_ERROR;
				CLANG_WARN_DOCUMENTATION_COMMENTS = YES;
				CLANG_WARN_EMPTY_BODY = YES;
				CLANG_WARN_ENUM_CONVERSION = YES;
				CLANG_WARN_INFINITE_RECURSION = YES;
				CLANG_WARN_INT_CONVERSION = YES;
				CLANG_WARN_NON_LITERAL_NULL_CONVERSION = YES;
				CLANG_WARN_OBJC_IMPLICIT_RETAIN_SELF = YES;
				CLANG_WARN_OBJC_LITERAL_CONVERSION = YES;
				CLANG_WARN_OBJC_ROOT_CLASS = YES_ERROR;
				CLANG_WARN_QUOTED_INCLUDE_IN_FRAMEWORK_HEADER = YES;
				CLANG_WARN_RANGE_LOOP_ANALYSIS = YES;
				CLANG_WARN_STRICT_PROTOTYPES = YES;
				CLANG_WARN_SUSPICIOUS_MOVE = YES;
				CLANG_WARN_UNGUARDED_AVAILABILITY = YES_AGGRESSIVE;
				CLANG_WARN_UNREACHABLE_CODE = YES;
				CLANG_WARN__DUPLICATE_METHOD_MATCH = YES;
				COPY_PHASE_STRIP = NO;
				DEBUG_INFORMATION_FORMAT = "dwarf-with-dsym";
				ENABLE_NS_ASSERTIONS = NO;
				ENABLE_STRICT_OBJC_MSGSEND = YES;
				GCC_C_LANGUAGE_STANDARD = gnu11;
				GCC_NO_COMMON_BLOCKS = YES;
				GCC_WARN_64_TO_32_BIT_CONVERSION = YES;
				GCC_WARN_ABOUT_RETURN_TYPE = YES_ERROR;
				GCC_WARN_UNDECLARED_SELECTOR = YES;
				GCC_WARN_UNINITIALIZED_AUTOS = YES_AGGRESSIVE;
				GCC_WARN_UNUSED_FUNCTION = YES;
				GCC_WARN_UNUSED_VARIABLE = YES;
				IPHONEOS_DEPLOYMENT_TARGET = 15.0;
				MTL_ENABLE_DEBUG_INFO = NO;
				MTL_FAST_MATH = YES;
				SDKROOT = iphoneos;
				SWIFT_COMPILATION_MODE = wholemodule;
				SWIFT_OPTIMIZATION_LEVEL = "-O";
				VALIDATE_PRODUCT = YES;
			};
			name = Release;
		};
		C9575B94278F55170090130E /* Debug */ = {
			isa = XCBuildConfiguration;
			buildSettings = {
				ASSETCATALOG_COMPILER_APPICON_NAME = AppIcon;
				ASSETCATALOG_COMPILER_GLOBAL_ACCENT_COLOR_NAME = AccentColor;
				CODE_SIGN_STYLE = Automatic;
				CURRENT_PROJECT_VERSION = 1;
				DEVELOPMENT_TEAM = L3945CAPSN;
				GENERATE_INFOPLIST_FILE = YES;
				INFOPLIST_FILE = "simple-search-ios/Info.plist";
				INFOPLIST_KEY_UIApplicationSupportsIndirectInputEvents = YES;
				INFOPLIST_KEY_UILaunchStoryboardName = LaunchScreen;
				INFOPLIST_KEY_UIMainStoryboardFile = Main;
				INFOPLIST_KEY_UISupportedInterfaceOrientations_iPad = "UIInterfaceOrientationPortrait UIInterfaceOrientationPortraitUpsideDown UIInterfaceOrientationLandscapeLeft UIInterfaceOrientationLandscapeRight";
				INFOPLIST_KEY_UISupportedInterfaceOrientations_iPhone = "UIInterfaceOrientationPortrait UIInterfaceOrientationLandscapeLeft UIInterfaceOrientationLandscapeRight";
				LD_RUNPATH_SEARCH_PATHS = (
					"$(inherited)",
					"@executable_path/Frameworks",
				);
				MARKETING_VERSION = 1.0;
				PRODUCT_BUNDLE_IDENTIFIER = "com.kmorales.simple-search-ios";
				PRODUCT_NAME = "$(TARGET_NAME)";
				SWIFT_EMIT_LOC_STRINGS = YES;
				SWIFT_VERSION = 5.0;
				TARGETED_DEVICE_FAMILY = "1,2";
			};
			name = Debug;
		};
		C9575B95278F55170090130E /* Release */ = {
			isa = XCBuildConfiguration;
			buildSettings = {
				ASSETCATALOG_COMPILER_APPICON_NAME = AppIcon;
				ASSETCATALOG_COMPILER_GLOBAL_ACCENT_COLOR_NAME = AccentColor;
				CODE_SIGN_STYLE = Automatic;
				CURRENT_PROJECT_VERSION = 1;
				DEVELOPMENT_TEAM = L3945CAPSN;
				GENERATE_INFOPLIST_FILE = YES;
				INFOPLIST_FILE = "simple-search-ios/Info.plist";
				INFOPLIST_KEY_UIApplicationSupportsIndirectInputEvents = YES;
				INFOPLIST_KEY_UILaunchStoryboardName = LaunchScreen;
				INFOPLIST_KEY_UIMainStoryboardFile = Main;
				INFOPLIST_KEY_UISupportedInterfaceOrientations_iPad = "UIInterfaceOrientationPortrait UIInterfaceOrientationPortraitUpsideDown UIInterfaceOrientationLandscapeLeft UIInterfaceOrientationLandscapeRight";
				INFOPLIST_KEY_UISupportedInterfaceOrientations_iPhone = "UIInterfaceOrientationPortrait UIInterfaceOrientationLandscapeLeft UIInterfaceOrientationLandscapeRight";
				LD_RUNPATH_SEARCH_PATHS = (
					"$(inherited)",
					"@executable_path/Frameworks",
				);
				MARKETING_VERSION = 1.0;
				PRODUCT_BUNDLE_IDENTIFIER = "com.kmorales.simple-search-ios";
				PRODUCT_NAME = "$(TARGET_NAME)";
				SWIFT_EMIT_LOC_STRINGS = YES;
				SWIFT_VERSION = 5.0;
				TARGETED_DEVICE_FAMILY = "1,2";
			};
			name = Release;
		};
		C9575B97278F55170090130E /* Debug */ = {
			isa = XCBuildConfiguration;
			buildSettings = {
				ALWAYS_EMBED_SWIFT_STANDARD_LIBRARIES = YES;
				BUNDLE_LOADER = "$(TEST_HOST)";
				CODE_SIGN_STYLE = Automatic;
				CURRENT_PROJECT_VERSION = 1;
				DEVELOPMENT_TEAM = L3945CAPSN;
				GENERATE_INFOPLIST_FILE = YES;
				IPHONEOS_DEPLOYMENT_TARGET = 15.0;
				LD_RUNPATH_SEARCH_PATHS = (
					"$(inherited)",
					"@executable_path/Frameworks",
					"@loader_path/Frameworks",
				);
				MARKETING_VERSION = 1.0;
				PRODUCT_BUNDLE_IDENTIFIER = "com.kmorales.simple-search-iosTests";
				PRODUCT_NAME = "$(TARGET_NAME)";
				SWIFT_EMIT_LOC_STRINGS = NO;
				SWIFT_VERSION = 5.0;
				TARGETED_DEVICE_FAMILY = "1,2";
				TEST_HOST = "$(BUILT_PRODUCTS_DIR)/simple-search-ios.app/simple-search-ios";
			};
			name = Debug;
		};
		C9575B98278F55170090130E /* Release */ = {
			isa = XCBuildConfiguration;
			buildSettings = {
				ALWAYS_EMBED_SWIFT_STANDARD_LIBRARIES = YES;
				BUNDLE_LOADER = "$(TEST_HOST)";
				CODE_SIGN_STYLE = Automatic;
				CURRENT_PROJECT_VERSION = 1;
				DEVELOPMENT_TEAM = L3945CAPSN;
				GENERATE_INFOPLIST_FILE = YES;
				IPHONEOS_DEPLOYMENT_TARGET = 15.0;
				LD_RUNPATH_SEARCH_PATHS = (
					"$(inherited)",
					"@executable_path/Frameworks",
					"@loader_path/Frameworks",
				);
				MARKETING_VERSION = 1.0;
				PRODUCT_BUNDLE_IDENTIFIER = "com.kmorales.simple-search-iosTests";
				PRODUCT_NAME = "$(TARGET_NAME)";
				SWIFT_EMIT_LOC_STRINGS = NO;
				SWIFT_VERSION = 5.0;
				TARGETED_DEVICE_FAMILY = "1,2";
				TEST_HOST = "$(BUILT_PRODUCTS_DIR)/simple-search-ios.app/simple-search-ios";
			};
			name = Release;
		};
		C9575B9A278F55170090130E /* Debug */ = {
			isa = XCBuildConfiguration;
			buildSettings = {
				ALWAYS_EMBED_SWIFT_STANDARD_LIBRARIES = YES;
				CODE_SIGN_STYLE = Automatic;
				CURRENT_PROJECT_VERSION = 1;
				DEVELOPMENT_TEAM = L3945CAPSN;
				GENERATE_INFOPLIST_FILE = YES;
				LD_RUNPATH_SEARCH_PATHS = (
					"$(inherited)",
					"@executable_path/Frameworks",
					"@loader_path/Frameworks",
				);
				MARKETING_VERSION = 1.0;
				PRODUCT_BUNDLE_IDENTIFIER = "com.kmorales.simple-search-iosUITests";
				PRODUCT_NAME = "$(TARGET_NAME)";
				SWIFT_EMIT_LOC_STRINGS = NO;
				SWIFT_VERSION = 5.0;
				TARGETED_DEVICE_FAMILY = "1,2";
				TEST_TARGET_NAME = "simple-search-ios";
			};
			name = Debug;
		};
		C9575B9B278F55170090130E /* Release */ = {
			isa = XCBuildConfiguration;
			buildSettings = {
				ALWAYS_EMBED_SWIFT_STANDARD_LIBRARIES = YES;
				CODE_SIGN_STYLE = Automatic;
				CURRENT_PROJECT_VERSION = 1;
				DEVELOPMENT_TEAM = L3945CAPSN;
				GENERATE_INFOPLIST_FILE = YES;
				LD_RUNPATH_SEARCH_PATHS = (
					"$(inherited)",
					"@executable_path/Frameworks",
					"@loader_path/Frameworks",
				);
				MARKETING_VERSION = 1.0;
				PRODUCT_BUNDLE_IDENTIFIER = "com.kmorales.simple-search-iosUITests";
				PRODUCT_NAME = "$(TARGET_NAME)";
				SWIFT_EMIT_LOC_STRINGS = NO;
				SWIFT_VERSION = 5.0;
				TARGETED_DEVICE_FAMILY = "1,2";
				TEST_TARGET_NAME = "simple-search-ios";
			};
			name = Release;
		};
/* End XCBuildConfiguration section */

/* Begin XCConfigurationList section */
		C9575B64278F55150090130E /* Build configuration list for PBXProject "simple-search-ios" */ = {
			isa = XCConfigurationList;
			buildConfigurations = (
				C9575B91278F55170090130E /* Debug */,
				C9575B92278F55170090130E /* Release */,
			);
			defaultConfigurationIsVisible = 0;
			defaultConfigurationName = Release;
		};
		C9575B93278F55170090130E /* Build configuration list for PBXNativeTarget "simple-search-ios" */ = {
			isa = XCConfigurationList;
			buildConfigurations = (
				C9575B94278F55170090130E /* Debug */,
				C9575B95278F55170090130E /* Release */,
			);
			defaultConfigurationIsVisible = 0;
			defaultConfigurationName = Release;
		};
		C9575B96278F55170090130E /* Build configuration list for PBXNativeTarget "simple-search-iosTests" */ = {
			isa = XCConfigurationList;
			buildConfigurations = (
				C9575B97278F55170090130E /* Debug */,
				C9575B98278F55170090130E /* Release */,
			);
			defaultConfigurationIsVisible = 0;
			defaultConfigurationName = Release;
		};
		C9575B99278F55170090130E /* Build configuration list for PBXNativeTarget "simple-search-iosUITests" */ = {
			isa = XCConfigurationList;
			buildConfigurations = (
				C9575B9A278F55170090130E /* Debug */,
				C9575B9B278F55170090130E /* Release */,
			);
			defaultConfigurationIsVisible = 0;
			defaultConfigurationName = Release;
		};
/* End XCConfigurationList section */
	};
	rootObject = C9575B61278F55150090130E /* Project object */;
}
